
Microsoft Visual Studio Solution File, Format Version 12.00
# Visual Studio Version 17
VisualStudioVersion = 17.4.33213.308
MinimumVisualStudioVersion = 10.0.40219.1
Project("{2150E333-8FDC-42A3-9474-1A3956D46DE8}") = "Tests", "Tests", "{320BF63D-DA3D-4C28-A222-51AD486CC6D2}"
EndProject
Project("{9A19103F-16F7-4668-BE54-9A1E7A4F7556}") = "ApiTests", "Tests\ApiTests\ApiTests.csproj", "{AF6C2BD9-C17B-4D02-9429-AE088E0DA3A8}"
EndProject
Project("{9A19103F-16F7-4668-BE54-9A1E7A4F7556}") = "UnitTests", "Tests\UnitTests\UnitTests.csproj", "{BB028C61-2D7D-4478-A955-FF5735F72854}"
EndProject
Project("{2150E333-8FDC-42A3-9474-1A3956D46DE8}") = "Api", "Api", "{6191D512-93A8-4517-AF48-11489A8AD187}"
EndProject
Project("{9A19103F-16F7-4668-BE54-9A1E7A4F7556}") = "Web", "Api\Web\Web.csproj", "{38C91F2F-C110-4574-A1FD-4B39F9DDA88A}"
EndProject
Global
	GlobalSection(SolutionConfigurationPlatforms) = preSolution
		Debug|Any CPU = Debug|Any CPU
		Release|Any CPU = Release|Any CPU
	EndGlobalSection
	GlobalSection(ProjectConfigurationPlatforms) = postSolution
		{AF6C2BD9-C17B-4D02-9429-AE088E0DA3A8}.Debug|Any CPU.ActiveCfg = Debug|Any CPU
		{AF6C2BD9-C17B-4D02-9429-AE088E0DA3A8}.Debug|Any CPU.Build.0 = Debug|Any CPU
		{AF6C2BD9-C17B-4D02-9429-AE088E0DA3A8}.Release|Any CPU.ActiveCfg = Release|Any CPU
		{AF6C2BD9-C17B-4D02-9429-AE088E0DA3A8}.Release|Any CPU.Build.0 = Release|Any CPU
		{BB028C61-2D7D-4478-A955-FF5735F72854}.Debug|Any CPU.ActiveCfg = Debug|Any CPU
		{BB028C61-2D7D-4478-A955-FF5735F72854}.Debug|Any CPU.Build.0 = Debug|Any CPU
		{BB028C61-2D7D-4478-A955-FF5735F72854}.Release|Any CPU.ActiveCfg = Release|Any CPU
		{BB028C61-2D7D-4478-A955-FF5735F72854}.Release|Any CPU.Build.0 = Release|Any CPU
		{38C91F2F-C110-4574-A1FD-4B39F9DDA88A}.Debug|Any CPU.ActiveCfg = Debug|Any CPU
		{38C91F2F-C110-4574-A1FD-4B39F9DDA88A}.Debug|Any CPU.Build.0 = Debug|Any CPU
		{38C91F2F-C110-4574-A1FD-4B39F9DDA88A}.Release|Any CPU.ActiveCfg = Release|Any CPU
		{38C91F2F-C110-4574-A1FD-4B39F9DDA88A}.Release|Any CPU.Build.0 = Release|Any CPU
	EndGlobalSection
	GlobalSection(SolutionProperties) = preSolution
		HideSolutionNode = FALSE
	EndGlobalSection
	GlobalSection(NestedProjects) = preSolution
		{AF6C2BD9-C17B-4D02-9429-AE088E0DA3A8} = {320BF63D-DA3D-4C28-A222-51AD486CC6D2}
		{BB028C61-2D7D-4478-A955-FF5735F72854} = {320BF63D-DA3D-4C28-A222-51AD486CC6D2}
		{38C91F2F-C110-4574-A1FD-4B39F9DDA88A} = {6191D512-93A8-4517-AF48-11489A8AD187}
	EndGlobalSection
	GlobalSection(ExtensibilityGlobals) = postSolution
		SolutionGuid = {84C453F4-B661-459A-A8A4-B66C6BBE3CA1}
	EndGlobalSection
EndGlobal
